PODS:
  - BRCFastTest (0.2.1):
    - BRCFlexTagBox
    - FLEX
  - BRCFlexTagBox (0.1.0)
  - FLEX (5.22.10)

DEPENDENCIES:
  - BRCFastTest (from `../`)

SPEC REPOS:
  trunk:
    - BRCFlexTagBox
    - FLEX

EXTERNAL SOURCES:
  BRCFastTest:
    :path: "../"

SPEC CHECKSUMS:
  BRCFastTest: 50404dc7b58ad2311be7c48bd470d2ecd6fc2f71
  BRCFlexTagBox: d713c2c417a3573d7d7e236750e90ad936616262
  FLEX: f21ee4f498eed3f8a1eded66b21939fd3b7a22ce

PODFILE CHECKSUM: 0260f175e0b8c0d10b00df106fa9dc1393c12a9d

COCOAPODS: 1.15.2
